
Microsoft Visual Studio Solution File, Format Version 12.00
# Visual Studio Version 17
VisualStudioVersion = 17.7.34031.279
MinimumVisualStudioVersion = 10.0.40219.1
Project("{9A19103F-16F7-4668-BE54-9A1E7A4F7556}") = "AdGuard.FilterListManager", "AdGuard.FilterListManager\AdGuard.FilterListManager.csproj", "{D90C9AC7-8485-4CD2-B515-CFDAB26C58AC}"
EndProject
Project("{FAE04EC0-301F-11D3-BF4B-00C04F79EFBC}") = "AdGuard.FilterListManager.Test", "AdGuard.FilterListManager.Test\AdGuard.FilterListManager.Test.csproj", "{6A29EC5D-5DCC-49EF-A19F-0C3A246333D6}"
EndProject
Global
	GlobalSection(SolutionConfigurationPlatforms) = preSolution
		Debug|Any CPU = Debug|Any CPU
		Release|Any CPU = Release|Any CPU
		SampleAppRelease|Any CPU = SampleAppRelease|Any CPU
	EndGlobalSection
	GlobalSection(ProjectConfigurationPlatforms) = postSolution
		{D90C9AC7-8485-4CD2-B515-CFDAB26C58AC}.Debug|Any CPU.ActiveCfg = Debug|Any CPU
		{D90C9AC7-8485-4CD2-B515-CFDAB26C58AC}.Debug|Any CPU.Build.0 = Debug|Any CPU
		{D90C9AC7-8485-4CD2-B515-CFDAB26C58AC}.Release|Any CPU.ActiveCfg = Release|Any CPU
		{D90C9AC7-8485-4CD2-B515-CFDAB26C58AC}.Release|Any CPU.Build.0 = Release|Any CPU
		{D90C9AC7-8485-4CD2-B515-CFDAB26C58AC}.SampleAppRelease|Any CPU.ActiveCfg = SampleAppRelease|Any CPU
		{D90C9AC7-8485-4CD2-B515-CFDAB26C58AC}.SampleAppRelease|Any CPU.Build.0 = SampleAppRelease|Any CPU
		{6A29EC5D-5DCC-49EF-A19F-0C3A246333D6}.Debug|Any CPU.ActiveCfg = Debug|Any CPU
		{6A29EC5D-5DCC-49EF-A19F-0C3A246333D6}.Debug|Any CPU.Build.0 = Debug|Any CPU
		{6A29EC5D-5DCC-49EF-A19F-0C3A246333D6}.Release|Any CPU.ActiveCfg = Release|Any CPU
		{6A29EC5D-5DCC-49EF-A19F-0C3A246333D6}.Release|Any CPU.Build.0 = Release|Any CPU
		{6A29EC5D-5DCC-49EF-A19F-0C3A246333D6}.SampleAppRelease|Any CPU.ActiveCfg = Release|Any CPU
		{6A29EC5D-5DCC-49EF-A19F-0C3A246333D6}.SampleAppRelease|Any CPU.Build.0 = Release|Any CPU
	EndGlobalSection
	GlobalSection(SolutionProperties) = preSolution
		HideSolutionNode = FALSE
	EndGlobalSection
	GlobalSection(ExtensibilityGlobals) = postSolution
		SolutionGuid = {928E543E-A5F2-44D6-B746-58FBAA7B7F5F}
	EndGlobalSection
EndGlobal
