// !$*UTF8*$!
{
	archiveVersion = 1;
	classes = {
	};
	objectVersion = 56;
	objects = {

/* Begin PBXBuildFile section */
		EC29A61A2CAA91F60076AFC8 /* libfilter_list_manager_ffi.dylib in Frameworks */ = {isa = PBXBuildFile; fileRef = EC29A6192CAA91F60076AFC8 /* libfilter_list_manager_ffi.dylib */; };
		EC29A61B2CAA91F60076AFC8 /* libfilter_list_manager_ffi.dylib in Embed Libraries */ = {isa = PBXBuildFile; fileRef = EC29A6192CAA91F60076AFC8 /* libfilter_list_manager_ffi.dylib */; settings = {ATTRIBUTES = (CodeSignOnCopy, ); }; };
		EC469E132C91E89200F98770 /* outer_error.pb.swift in Sources */ = {isa = PBXBuildFile; fileRef = EC469E0E2C91E89200F98770 /* outer_error.pb.swift */; };
		EC469E142C91E89200F98770 /* flm_interface.pb.swift in Sources */ = {isa = PBXBuildFile; fileRef = EC469E0F2C91E89200F98770 /* flm_interface.pb.swift */; };
		EC469E152C91E89200F98770 /* misc_models.pb.swift in Sources */ = {isa = PBXBuildFile; fileRef = EC469E102C91E89200F98770 /* misc_models.pb.swift */; };
		EC469E162C91E89200F98770 /* filters.pb.swift in Sources */ = {isa = PBXBuildFile; fileRef = EC469E112C91E89200F98770 /* filters.pb.swift */; };
		EC469E172C91E89200F98770 /* configuration.pb.swift in Sources */ = {isa = PBXBuildFile; fileRef = EC469E122C91E89200F98770 /* configuration.pb.swift */; };
		EC8FC8872C8A32F5004B3141 /* SystemConfiguration.framework in Frameworks */ = {isa = PBXBuildFile; fileRef = EC8FC8862C8A32F5004B3141 /* SystemConfiguration.framework */; };
		EC8FC8902C8B48D1004B3141 /* SwiftProtobuf in Frameworks */ = {isa = PBXBuildFile; productRef = EC8FC88F2C8B48D1004B3141 /* SwiftProtobuf */; };
		EC8FC8942C8B48D1004B3141 /* protoc-gen-swift in Frameworks */ = {isa = PBXBuildFile; productRef = EC8FC8932C8B48D1004B3141 /* protoc-gen-swift */; };
		ECF9EBEE2C8A30E100509620 /* main.swift in Sources */ = {isa = PBXBuildFile; fileRef = ECF9EBED2C8A30E100509620 /* main.swift */; };
/* End PBXBuildFile section */

/* Begin PBXCopyFilesBuildPhase section */
		EC29A61C2CAA91F60076AFC8 /* Embed Libraries */ = {
			isa = PBXCopyFilesBuildPhase;
			buildActionMask = 2147483647;
			dstPath = "";
			dstSubfolderSpec = 10;
			files = (
				EC29A61B2CAA91F60076AFC8 /* libfilter_list_manager_ffi.dylib in Embed Libraries */,
			);
			name = "Embed Libraries";
			runOnlyForDeploymentPostprocessing = 0;
		};
		ECF9EBE82C8A30E100509620 /* CopyFiles */ = {
			isa = PBXCopyFilesBuildPhase;
			buildActionMask = 2147483647;
			dstPath = /usr/share/man/man1/;
			dstSubfolderSpec = 0;
			files = (
			);
			runOnlyForDeploymentPostprocessing = 1;
		};
/* End PBXCopyFilesBuildPhase section */

/* Begin PBXFileReference section */
		EC29A6192CAA91F60076AFC8 /* libfilter_list_manager_ffi.dylib */ = {isa = PBXFileReference; lastKnownFileType = "compiled.mach-o.dylib"; name = libfilter_list_manager_ffi.dylib; path = ../../../../../../target/release/libfilter_list_manager_ffi.dylib; sourceTree = "<group>"; };
		EC469E0E2C91E89200F98770 /* outer_error.pb.swift */ = {isa = PBXFileReference; fileEncoding = 4; lastKnownFileType = sourcecode.swift; path = outer_error.pb.swift; sourceTree = "<group>"; };
		EC469E0F2C91E89200F98770 /* flm_interface.pb.swift */ = {isa = PBXFileReference; fileEncoding = 4; lastKnownFileType = sourcecode.swift; path = flm_interface.pb.swift; sourceTree = "<group>"; };
		EC469E102C91E89200F98770 /* misc_models.pb.swift */ = {isa = PBXFileReference; fileEncoding = 4; lastKnownFileType = sourcecode.swift; path = misc_models.pb.swift; sourceTree = "<group>"; };
		EC469E112C91E89200F98770 /* filters.pb.swift */ = {isa = PBXFileReference; fileEncoding = 4; lastKnownFileType = sourcecode.swift; path = filters.pb.swift; sourceTree = "<group>"; };
		EC469E122C91E89200F98770 /* configuration.pb.swift */ = {isa = PBXFileReference; fileEncoding = 4; lastKnownFileType = sourcecode.swift; path = configuration.pb.swift; sourceTree = "<group>"; };
		EC8FC8862C8A32F5004B3141 /* SystemConfiguration.framework */ = {isa = PBXFileReference; lastKnownFileType = wrapper.framework; name = SystemConfiguration.framework; path = System/Library/Frameworks/SystemConfiguration.framework; sourceTree = SDKROOT; };
		EC8FC88A2C8A3A8B004B3141 /* Test-Bridging-Header.h */ = {isa = PBXFileReference; lastKnownFileType = sourcecode.c.h; path = "Test-Bridging-Header.h"; sourceTree = "<group>"; };
		EC8FC88B2C8A3C49004B3141 /* flm_native_interface.h */ = {isa = PBXFileReference; lastKnownFileType = sourcecode.c.h; name = flm_native_interface.h; path = ../../flm_native_interface.h; sourceTree = "<group>"; };
		EC8FC88C2C8A3DFD004B3141 /* libfilter_list_manager_ffi.a */ = {isa = PBXFileReference; lastKnownFileType = archive.ar; name = libfilter_list_manager_ffi.a; path = ../../../../../../target/debug/libfilter_list_manager_ffi.a; sourceTree = "<group>"; };
		ECBD2EF92C91D48B00B0FC76 /* libfilter_list_manager_ffi.dylib */ = {isa = PBXFileReference; lastKnownFileType = "compiled.mach-o.dylib"; name = libfilter_list_manager_ffi.dylib; path = ../../../../../../target/debug/libfilter_list_manager_ffi.dylib; sourceTree = "<group>"; };
		ECBD2EFD2C91D5D600B0FC76 /* flmctest.entitlements */ = {isa = PBXFileReference; lastKnownFileType = text.plist.entitlements; path = flmctest.entitlements; sourceTree = "<group>"; };
		ECBD2EFF2C91E44200B0FC76 /* filters.proto */ = {isa = PBXFileReference; lastKnownFileType = sourcecode.protobuf; path = filters.proto; sourceTree = "<group>"; };
		ECBD2F002C91E44200B0FC76 /* outer_error.proto */ = {isa = PBXFileReference; lastKnownFileType = sourcecode.protobuf; path = outer_error.proto; sourceTree = "<group>"; };
		ECBD2F012C91E44200B0FC76 /* configuration.proto */ = {isa = PBXFileReference; lastKnownFileType = sourcecode.protobuf; path = configuration.proto; sourceTree = "<group>"; };
		ECBD2F022C91E44200B0FC76 /* flm_interface.proto */ = {isa = PBXFileReference; lastKnownFileType = sourcecode.protobuf; path = flm_interface.proto; sourceTree = "<group>"; };
		ECBD2F032C91E44200B0FC76 /* misc_models.proto */ = {isa = PBXFileReference; lastKnownFileType = sourcecode.protobuf; path = misc_models.proto; sourceTree = "<group>"; };
		ECF9EBEA2C8A30E100509620 /* flmctest */ = {isa = PBXFileReference; explicitFileType = "compiled.mach-o.executable"; includeInIndex = 0; path = flmctest; sourceTree = BUILT_PRODUCTS_DIR; };
		ECF9EBED2C8A30E100509620 /* main.swift */ = {isa = PBXFileReference; lastKnownFileType = sourcecode.swift; path = main.swift; sourceTree = "<group>"; };
/* End PBXFileReference section */

/* Begin PBXFrameworksBuildPhase section */
		ECF9EBE72C8A30E100509620 /* Frameworks */ = {
			isa = PBXFrameworksBuildPhase;
			buildActionMask = 2147483647;
			files = (
				EC29A61A2CAA91F60076AFC8 /* libfilter_list_manager_ffi.dylib in Frameworks */,
				EC8FC8942C8B48D1004B3141 /* protoc-gen-swift in Frameworks */,
				EC8FC8872C8A32F5004B3141 /* SystemConfiguration.framework in Frameworks */,
				EC8FC8902C8B48D1004B3141 /* SwiftProtobuf in Frameworks */,
			);
			runOnlyForDeploymentPostprocessing = 0;
		};
/* End PBXFrameworksBuildPhase section */

/* Begin PBXGroup section */
		EC469E0D2C91E89200F98770 /* protos */ = {
			isa = PBXGroup;
			children = (
				EC469E0E2C91E89200F98770 /* outer_error.pb.swift */,
				EC469E0F2C91E89200F98770 /* flm_interface.pb.swift */,
				EC469E102C91E89200F98770 /* misc_models.pb.swift */,
				EC469E112C91E89200F98770 /* filters.pb.swift */,
				EC469E122C91E89200F98770 /* configuration.pb.swift */,
			);
			path = protos;
			sourceTree = "<group>";
		};
		ECBD2EFE2C91E44200B0FC76 /* protobuf */ = {
			isa = PBXGroup;
			children = (
				ECBD2EFF2C91E44200B0FC76 /* filters.proto */,
				ECBD2F002C91E44200B0FC76 /* outer_error.proto */,
				ECBD2F012C91E44200B0FC76 /* configuration.proto */,
				ECBD2F022C91E44200B0FC76 /* flm_interface.proto */,
				ECBD2F032C91E44200B0FC76 /* misc_models.proto */,
			);
			name = protobuf;
			path = ../../../protobuf;
			sourceTree = "<group>";
		};
		ECF9EBE12C8A30E100509620 = {
			isa = PBXGroup;
			children = (
				EC469E0D2C91E89200F98770 /* protos */,
				EC8FC88A2C8A3A8B004B3141 /* Test-Bridging-Header.h */,
				EC8FC88B2C8A3C49004B3141 /* flm_native_interface.h */,
				ECBD2EFE2C91E44200B0FC76 /* protobuf */,
				ECF9EBEC2C8A30E100509620 /* flmctest */,
				ECF9EBEB2C8A30E100509620 /* Products */,
				ECF9EBF72C8A31BE00509620 /* Frameworks */,
			);
			sourceTree = "<group>";
		};
		ECF9EBEB2C8A30E100509620 /* Products */ = {
			isa = PBXGroup;
			children = (
				ECF9EBEA2C8A30E100509620 /* flmctest */,
			);
			name = Products;
			sourceTree = "<group>";
		};
		ECF9EBEC2C8A30E100509620 /* flmctest */ = {
			isa = PBXGroup;
			children = (
				ECBD2EFD2C91D5D600B0FC76 /* flmctest.entitlements */,
				ECF9EBED2C8A30E100509620 /* main.swift */,
			);
			path = flmctest;
			sourceTree = "<group>";
		};
		ECF9EBF72C8A31BE00509620 /* Frameworks */ = {
			isa = PBXGroup;
			children = (
				ECBD2EF92C91D48B00B0FC76 /* libfilter_list_manager_ffi.dylib */,
				EC29A6192CAA91F60076AFC8 /* libfilter_list_manager_ffi.dylib */,
				EC8FC88C2C8A3DFD004B3141 /* libfilter_list_manager_ffi.a */,
				EC8FC8862C8A32F5004B3141 /* SystemConfiguration.framework */,
			);
			name = Frameworks;
			sourceTree = "<group>";
		};
/* End PBXGroup section */

/* Begin PBXNativeTarget section */
		ECF9EBE92C8A30E100509620 /* flmctest */ = {
			isa = PBXNativeTarget;
			buildConfigurationList = ECF9EBF12C8A30E100509620 /* Build configuration list for PBXNativeTarget "flmctest" */;
			buildPhases = (
				ECF9EBE62C8A30E100509620 /* Sources */,
				ECF9EBE72C8A30E100509620 /* Frameworks */,
				ECF9EBE82C8A30E100509620 /* CopyFiles */,
				EC29A61C2CAA91F60076AFC8 /* Embed Libraries */,
			);
			buildRules = (
			);
			dependencies = (
			);
			name = flmctest;
			packageProductDependencies = (
				EC8FC88F2C8B48D1004B3141 /* SwiftProtobuf */,
				EC8FC8932C8B48D1004B3141 /* protoc-gen-swift */,
			);
			productName = flmctest;
			productReference = ECF9EBEA2C8A30E100509620 /* flmctest */;
			productType = "com.apple.product-type.tool";
		};
/* End PBXNativeTarget section */

/* Begin PBXProject section */
		ECF9EBE22C8A30E100509620 /* Project object */ = {
			isa = PBXProject;
			attributes = {
				BuildIndependentTargetsInParallel = 1;
				LastSwiftUpdateCheck = 1500;
				LastUpgradeCheck = 1500;
				TargetAttributes = {
					ECF9EBE92C8A30E100509620 = {
						CreatedOnToolsVersion = 15.0.1;
					};
				};
			};
			buildConfigurationList = ECF9EBE52C8A30E100509620 /* Build configuration list for PBXProject "flmctest" */;
			compatibilityVersion = "Xcode 14.0";
			developmentRegion = en;
			hasScannedForEncodings = 0;
			knownRegions = (
				en,
				Base,
			);
			mainGroup = ECF9EBE12C8A30E100509620;
			packageReferences = (
				EC8FC88E2C8B48D1004B3141 /* XCRemoteSwiftPackageReference "swift-protobuf" */,
			);
			productRefGroup = ECF9EBEB2C8A30E100509620 /* Products */;
			projectDirPath = "";
			projectRoot = "";
			targets = (
				ECF9EBE92C8A30E100509620 /* flmctest */,
			);
		};
/* End PBXProject section */

/* Begin PBXSourcesBuildPhase section */
		ECF9EBE62C8A30E100509620 /* Sources */ = {
			isa = PBXSourcesBuildPhase;
			buildActionMask = 2147483647;
			files = (
				ECF9EBEE2C8A30E100509620 /* main.swift in Sources */,
				EC469E172C91E89200F98770 /* configuration.pb.swift in Sources */,
				EC469E132C91E89200F98770 /* outer_error.pb.swift in Sources */,
				EC469E152C91E89200F98770 /* misc_models.pb.swift in Sources */,
				EC469E142C91E89200F98770 /* flm_interface.pb.swift in Sources */,
				EC469E162C91E89200F98770 /* filters.pb.swift in Sources */,
			);
			runOnlyForDeploymentPostprocessing = 0;
		};
/* End PBXSourcesBuildPhase section */

/* Begin XCBuildConfiguration section */
		ECF9EBEF2C8A30E100509620 /* Debug */ = {
			isa = XCBuildConfiguration;
			buildSettings = {
				ALWAYS_SEARCH_USER_PATHS = NO;
				ASSETCATALOG_COMPILER_GENERATE_SWIFT_ASSET_SYMBOL_EXTENSIONS = YES;
				CLANG_ANALYZER_NONNULL = YES;
				CLANG_ANALYZER_NUMBER_OBJECT_CONVERSION = YES_AGGRESSIVE;
				CLANG_CXX_LANGUAGE_STANDARD = "gnu++20";
				CLANG_ENABLE_MODULES = YES;
				CLANG_ENABLE_OBJC_ARC = YES;
				CLANG_ENABLE_OBJC_WEAK = YES;
				CLANG_WARN_BLOCK_CAPTURE_AUTORELEASING = YES;
				CLANG_WARN_BOOL_CONVERSION = YES;
				CLANG_WARN_COMMA = YES;
				CLANG_WARN_CONSTANT_CONVERSION = YES;
				CLANG_WARN_DEPRECATED_OBJC_IMPLEMENTATIONS = YES;
				CLANG_WARN_DIRECT_OBJC_ISA_USAGE = YES_ERROR;
				CLANG_WARN_DOCUMENTATION_COMMENTS = YES;
				CLANG_WARN_EMPTY_BODY = YES;
				CLANG_WARN_ENUM_CONVERSION = YES;
				CLANG_WARN_INFINITE_RECURSION = YES;
				CLANG_WARN_INT_CONVERSION = YES;
				CLANG_WARN_NON_LITERAL_NULL_CONVERSION = YES;
				CLANG_WARN_OBJC_IMPLICIT_RETAIN_SELF = YES;
				CLANG_WARN_OBJC_LITERAL_CONVERSION = YES;
				CLANG_WARN_OBJC_ROOT_CLASS = YES_ERROR;
				CLANG_WARN_QUOTED_INCLUDE_IN_FRAMEWORK_HEADER = YES;
				CLANG_WARN_RANGE_LOOP_ANALYSIS = YES;
				CLANG_WARN_STRICT_PROTOTYPES = YES;
				CLANG_WARN_SUSPICIOUS_MOVE = YES;
				CLANG_WARN_UNGUARDED_AVAILABILITY = YES_AGGRESSIVE;
				CLANG_WARN_UNREACHABLE_CODE = YES;
				CLANG_WARN__DUPLICATE_METHOD_MATCH = YES;
				COPY_PHASE_STRIP = NO;
				DEBUG_INFORMATION_FORMAT = dwarf;
				ENABLE_STRICT_OBJC_MSGSEND = YES;
				ENABLE_TESTABILITY = YES;
				ENABLE_USER_SCRIPT_SANDBOXING = YES;
				GCC_C_LANGUAGE_STANDARD = gnu17;
				GCC_DYNAMIC_NO_PIC = NO;
				GCC_NO_COMMON_BLOCKS = YES;
				GCC_OPTIMIZATION_LEVEL = 0;
				GCC_PREPROCESSOR_DEFINITIONS = (
					"DEBUG=1",
					"$(inherited)",
				);
				GCC_WARN_64_TO_32_BIT_CONVERSION = YES;
				GCC_WARN_ABOUT_RETURN_TYPE = YES_ERROR;
				GCC_WARN_UNDECLARED_SELECTOR = YES;
				GCC_WARN_UNINITIALIZED_AUTOS = YES_AGGRESSIVE;
				GCC_WARN_UNUSED_FUNCTION = YES;
				GCC_WARN_UNUSED_VARIABLE = YES;
				LOCALIZATION_PREFERS_STRING_CATALOGS = YES;
				MACOSX_DEPLOYMENT_TARGET = 14.0;
				MTL_ENABLE_DEBUG_INFO = INCLUDE_SOURCE;
				MTL_FAST_MATH = YES;
				ONLY_ACTIVE_ARCH = YES;
				SDKROOT = macosx;
				SWIFT_ACTIVE_COMPILATION_CONDITIONS = "DEBUG $(inherited)";
				"SWIFT_OBJC_BRIDGING_HEADER[arch=*]" = ../../flm_native_interface.h;
				SWIFT_OPTIMIZATION_LEVEL = "-Onone";
			};
			name = Debug;
		};
		ECF9EBF02C8A30E100509620 /* Release */ = {
			isa = XCBuildConfiguration;
			buildSettings = {
				ALWAYS_SEARCH_USER_PATHS = NO;
				ASSETCATALOG_COMPILER_GENERATE_SWIFT_ASSET_SYMBOL_EXTENSIONS = YES;
				CLANG_ANALYZER_NONNULL = YES;
				CLANG_ANALYZER_NUMBER_OBJECT_CONVERSION = YES_AGGRESSIVE;
				CLANG_CXX_LANGUAGE_STANDARD = "gnu++20";
				CLANG_ENABLE_MODULES = YES;
				CLANG_ENABLE_OBJC_ARC = YES;
				CLANG_ENABLE_OBJC_WEAK = YES;
				CLANG_WARN_BLOCK_CAPTURE_AUTORELEASING = YES;
				CLANG_WARN_BOOL_CONVERSION = YES;
				CLANG_WARN_COMMA = YES;
				CLANG_WARN_CONSTANT_CONVERSION = YES;
				CLANG_WARN_DEPRECATED_OBJC_IMPLEMENTATIONS = YES;
				CLANG_WARN_DIRECT_OBJC_ISA_USAGE = YES_ERROR;
				CLANG_WARN_DOCUMENTATION_COMMENTS = YES;
				CLANG_WARN_EMPTY_BODY = YES;
				CLANG_WARN_ENUM_CONVERSION = YES;
				CLANG_WARN_INFINITE_RECURSION = YES;
				CLANG_WARN_INT_CONVERSION = YES;
				CLANG_WARN_NON_LITERAL_NULL_CONVERSION = YES;
				CLANG_WARN_OBJC_IMPLICIT_RETAIN_SELF = YES;
				CLANG_WARN_OBJC_LITERAL_CONVERSION = YES;
				CLANG_WARN_OBJC_ROOT_CLASS = YES_ERROR;
				CLANG_WARN_QUOTED_INCLUDE_IN_FRAMEWORK_HEADER = YES;
				CLANG_WARN_RANGE_LOOP_ANALYSIS = YES;
				CLANG_WARN_STRICT_PROTOTYPES = YES;
				CLANG_WARN_SUSPICIOUS_MOVE = YES;
				CLANG_WARN_UNGUARDED_AVAILABILITY = YES_AGGRESSIVE;
				CLANG_WARN_UNREACHABLE_CODE = YES;
				CLANG_WARN__DUPLICATE_METHOD_MATCH = YES;
				COPY_PHASE_STRIP = NO;
				DEBUG_INFORMATION_FORMAT = "dwarf-with-dsym";
				ENABLE_NS_ASSERTIONS = NO;
				ENABLE_STRICT_OBJC_MSGSEND = YES;
				ENABLE_USER_SCRIPT_SANDBOXING = YES;
				GCC_C_LANGUAGE_STANDARD = gnu17;
				GCC_NO_COMMON_BLOCKS = YES;
				GCC_WARN_64_TO_32_BIT_CONVERSION = YES;
				GCC_WARN_ABOUT_RETURN_TYPE = YES_ERROR;
				GCC_WARN_UNDECLARED_SELECTOR = YES;
				GCC_WARN_UNINITIALIZED_AUTOS = YES_AGGRESSIVE;
				GCC_WARN_UNUSED_FUNCTION = YES;
				GCC_WARN_UNUSED_VARIABLE = YES;
				LOCALIZATION_PREFERS_STRING_CATALOGS = YES;
				MACOSX_DEPLOYMENT_TARGET = 14.0;
				MTL_ENABLE_DEBUG_INFO = NO;
				MTL_FAST_MATH = YES;
				SDKROOT = macosx;
				SWIFT_COMPILATION_MODE = wholemodule;
			};
			name = Release;
		};
		ECF9EBF22C8A30E100509620 /* Debug */ = {
			isa = XCBuildConfiguration;
			buildSettings = {
				CODE_SIGN_ENTITLEMENTS = flmctest/flmctest.entitlements;
				"CODE_SIGN_IDENTITY[sdk=macosx*]" = "-";
				CODE_SIGN_STYLE = Manual;
				DEVELOPMENT_TEAM = "";
				"DEVELOPMENT_TEAM[sdk=macosx*]" = VWMJ48UJ62;
				ENABLE_HARDENED_RUNTIME = YES;
				LIBRARY_SEARCH_PATHS = ../../../../../../target/release;
				OTHER_CFLAGS = "-L../../../../../../target/release";
				PRODUCT_NAME = "$(TARGET_NAME)";
				PROVISIONING_PROFILE_SPECIFIER = "";
				SWIFT_OBJC_BRIDGING_HEADER = "Test-Bridging-Header.h";
				SWIFT_VERSION = 5.0;
			};
			name = Debug;
		};
		ECF9EBF32C8A30E100509620 /* Release */ = {
			isa = XCBuildConfiguration;
			buildSettings = {
				CODE_SIGN_ENTITLEMENTS = flmctest/flmctest.entitlements;
				"CODE_SIGN_IDENTITY[sdk=macosx*]" = "-";
				CODE_SIGN_STYLE = Manual;
				DEVELOPMENT_TEAM = "";
				"DEVELOPMENT_TEAM[sdk=macosx*]" = VWMJ48UJ62;
				ENABLE_HARDENED_RUNTIME = YES;
				LIBRARY_SEARCH_PATHS = ../../../../../../target/release;
				ONLY_ACTIVE_ARCH = YES;
				OTHER_CFLAGS = "-L../../../../../../target/release";
				PRODUCT_NAME = "$(TARGET_NAME)";
				PROVISIONING_PROFILE_SPECIFIER = "";
				SWIFT_OBJC_BRIDGING_HEADER = "Test-Bridging-Header.h";
				SWIFT_VERSION = 5.0;
			};
			name = Release;
		};
/* End XCBuildConfiguration section */

/* Begin XCConfigurationList section */
		ECF9EBE52C8A30E100509620 /* Build configuration list for PBXProject "flmctest" */ = {
			isa = XCConfigurationList;
			buildConfigurations = (
				ECF9EBEF2C8A30E100509620 /* Debug */,
				ECF9EBF02C8A30E100509620 /* Release */,
			);
			defaultConfigurationIsVisible = 0;
			defaultConfigurationName = Release;
		};
		ECF9EBF12C8A30E100509620 /* Build configuration list for PBXNativeTarget "flmctest" */ = {
			isa = XCConfigurationList;
			buildConfigurations = (
				ECF9EBF22C8A30E100509620 /* Debug */,
				ECF9EBF32C8A30E100509620 /* Release */,
			);
			defaultConfigurationIsVisible = 0;
			defaultConfigurationName = Release;
		};
/* End XCConfigurationList section */

/* Begin XCRemoteSwiftPackageReference section */
		EC8FC88E2C8B48D1004B3141 /* XCRemoteSwiftPackageReference "swift-protobuf" */ = {
			isa = XCRemoteSwiftPackageReference;
			repositoryURL = "https://github.com/apple/swift-protobuf";
			requirement = {
				kind = upToNextMajorVersion;
				minimumVersion = 1.28.1;
			};
		};
/* End XCRemoteSwiftPackageReference section */

/* Begin XCSwiftPackageProductDependency section */
		EC8FC88F2C8B48D1004B3141 /* SwiftProtobuf */ = {
			isa = XCSwiftPackageProductDependency;
			package = EC8FC88E2C8B48D1004B3141 /* XCRemoteSwiftPackageReference "swift-protobuf" */;
			productName = SwiftProtobuf;
		};
		EC8FC8932C8B48D1004B3141 /* protoc-gen-swift */ = {
			isa = XCSwiftPackageProductDependency;
			package = EC8FC88E2C8B48D1004B3141 /* XCRemoteSwiftPackageReference "swift-protobuf" */;
			productName = "protoc-gen-swift";
		};
/* End XCSwiftPackageProductDependency section */
	};
	rootObject = ECF9EBE22C8A30E100509620 /* Project object */;
}
